
Microsoft Visual Studio Solution File, Format Version 12.00
# Visual Studio Version 16
VisualStudioVersion = 16.0.31729.503
MinimumVisualStudioVersion = 10.0.40219.1
Project("{2150E333-8FDC-42A3-9474-1A3956D46DE8}") = "01.SolutionItems", "01.SolutionItems", "{1DB07462-D9AF-4B6D-9C56-CEEC6B9CDE00}"
	ProjectSection(SolutionItems) = preProject
		SolutionItems\Development Notes.txt = SolutionItems\Development Notes.txt
		SolutionItems\Products.API.postman_collection.json = SolutionItems\Products.API.postman_collection.json
	EndProjectSection
EndProject
Project("{9A19103F-16F7-4668-BE54-9A1E7A4F7556}") = "Products.API", "Products.API\Products.API.csproj", "{F356C073-D74E-448A-BBBB-CC3619EA68BD}"
EndProject
Project("{9A19103F-16F7-4668-BE54-9A1E7A4F7556}") = "Products.IntegrationTests", "Products.IntegrationTests\Products.IntegrationTests.csproj", "{40DEC519-27D7-4428-BDC0-674CBF608E39}"
EndProject
Project("{2150E333-8FDC-42A3-9474-1A3956D46DE8}") = "03.Tests", "03.Tests", "{5329F705-C839-416F-A153-80AC83B9F52C}"
EndProject
Project("{2150E333-8FDC-42A3-9474-1A3956D46DE8}") = "02.Projects", "02.Projects", "{75CF3034-9F7F-4510-B222-82F4BC644E73}"
EndProject
Project("{9A19103F-16F7-4668-BE54-9A1E7A4F7556}") = "Products.Domain", "Products.Domain\Products.Domain.csproj", "{54FD44DF-D086-4D8A-A664-6879FE95DF36}"
EndProject
Project("{9A19103F-16F7-4668-BE54-9A1E7A4F7556}") = "Products.Data", "Products.Data\Products.Data.csproj", "{40F7860D-77C7-4B68-A554-B0E9B8CCDC97}"
EndProject
Project("{FAE04EC0-301F-11D3-BF4B-00C04F79EFBC}") = "Products.Services", "Products.Services\Products.Services.csproj", "{75AF6CFC-599B-416D-9BDF-CBD7070C11B5}"
EndProject
Project("{FAE04EC0-301F-11D3-BF4B-00C04F79EFBC}") = "Products.API.Dto", "Products.API.Dto\Products.API.Dto.csproj", "{35288B17-D535-4558-9C41-D3CEE43748CF}"
EndProject
Global
	GlobalSection(SolutionConfigurationPlatforms) = preSolution
		Debug|Any CPU = Debug|Any CPU
		Release|Any CPU = Release|Any CPU
	EndGlobalSection
	GlobalSection(ProjectConfigurationPlatforms) = postSolution
		{F356C073-D74E-448A-BBBB-CC3619EA68BD}.Debug|Any CPU.ActiveCfg = Debug|Any CPU
		{F356C073-D74E-448A-BBBB-CC3619EA68BD}.Debug|Any CPU.Build.0 = Debug|Any CPU
		{F356C073-D74E-448A-BBBB-CC3619EA68BD}.Release|Any CPU.ActiveCfg = Release|Any CPU
		{F356C073-D74E-448A-BBBB-CC3619EA68BD}.Release|Any CPU.Build.0 = Release|Any CPU
		{40DEC519-27D7-4428-BDC0-674CBF608E39}.Debug|Any CPU.ActiveCfg = Debug|Any CPU
		{40DEC519-27D7-4428-BDC0-674CBF608E39}.Debug|Any CPU.Build.0 = Debug|Any CPU
		{40DEC519-27D7-4428-BDC0-674CBF608E39}.Release|Any CPU.ActiveCfg = Release|Any CPU
		{40DEC519-27D7-4428-BDC0-674CBF608E39}.Release|Any CPU.Build.0 = Release|Any CPU
		{54FD44DF-D086-4D8A-A664-6879FE95DF36}.Debug|Any CPU.ActiveCfg = Debug|Any CPU
		{54FD44DF-D086-4D8A-A664-6879FE95DF36}.Debug|Any CPU.Build.0 = Debug|Any CPU
		{54FD44DF-D086-4D8A-A664-6879FE95DF36}.Release|Any CPU.ActiveCfg = Release|Any CPU
		{54FD44DF-D086-4D8A-A664-6879FE95DF36}.Release|Any CPU.Build.0 = Release|Any CPU
		{40F7860D-77C7-4B68-A554-B0E9B8CCDC97}.Debug|Any CPU.ActiveCfg = Debug|Any CPU
		{40F7860D-77C7-4B68-A554-B0E9B8CCDC97}.Debug|Any CPU.Build.0 = Debug|Any CPU
		{40F7860D-77C7-4B68-A554-B0E9B8CCDC97}.Release|Any CPU.ActiveCfg = Release|Any CPU
		{40F7860D-77C7-4B68-A554-B0E9B8CCDC97}.Release|Any CPU.Build.0 = Release|Any CPU
		{75AF6CFC-599B-416D-9BDF-CBD7070C11B5}.Debug|Any CPU.ActiveCfg = Debug|Any CPU
		{75AF6CFC-599B-416D-9BDF-CBD7070C11B5}.Debug|Any CPU.Build.0 = Debug|Any CPU
		{75AF6CFC-599B-416D-9BDF-CBD7070C11B5}.Release|Any CPU.ActiveCfg = Release|Any CPU
		{75AF6CFC-599B-416D-9BDF-CBD7070C11B5}.Release|Any CPU.Build.0 = Release|Any CPU
		{35288B17-D535-4558-9C41-D3CEE43748CF}.Debug|Any CPU.ActiveCfg = Debug|Any CPU
		{35288B17-D535-4558-9C41-D3CEE43748CF}.Debug|Any CPU.Build.0 = Debug|Any CPU
		{35288B17-D535-4558-9C41-D3CEE43748CF}.Release|Any CPU.ActiveCfg = Release|Any CPU
		{35288B17-D535-4558-9C41-D3CEE43748CF}.Release|Any CPU.Build.0 = Release|Any CPU
	EndGlobalSection
	GlobalSection(SolutionProperties) = preSolution
		HideSolutionNode = FALSE
	EndGlobalSection
	GlobalSection(NestedProjects) = preSolution
		{F356C073-D74E-448A-BBBB-CC3619EA68BD} = {75CF3034-9F7F-4510-B222-82F4BC644E73}
		{40DEC519-27D7-4428-BDC0-674CBF608E39} = {5329F705-C839-416F-A153-80AC83B9F52C}
		{54FD44DF-D086-4D8A-A664-6879FE95DF36} = {75CF3034-9F7F-4510-B222-82F4BC644E73}
		{40F7860D-77C7-4B68-A554-B0E9B8CCDC97} = {75CF3034-9F7F-4510-B222-82F4BC644E73}
		{75AF6CFC-599B-416D-9BDF-CBD7070C11B5} = {75CF3034-9F7F-4510-B222-82F4BC644E73}
		{35288B17-D535-4558-9C41-D3CEE43748CF} = {75CF3034-9F7F-4510-B222-82F4BC644E73}
	EndGlobalSection
	GlobalSection(ExtensibilityGlobals) = postSolution
		SolutionGuid = {FCE28448-4CA0-478B-93ED-9A9577887618}
	EndGlobalSection
EndGlobal
